
Microsoft Visual Studio Solution File, Format Version 12.00
# Visual Studio Version 17
VisualStudioVersion = 17.9.34701.34
MinimumVisualStudioVersion = 10.0.40219.1
Project("{FAE04EC0-301F-11D3-BF4B-00C04F79EFBC}") = "registration", "registration\registration.csproj", "{3BFE1835-FA42-43F9-9B85-32F313114687}"
EndProject
Global
	GlobalSection(SolutionConfigurationPlatforms) = preSolution
		Debug|Any CPU = Debug|Any CPU
		Release|Any CPU = Release|Any CPU
	EndGlobalSection
	GlobalSection(ProjectConfigurationPlatforms) = postSolution
		{3BFE1835-FA42-43F9-9B85-32F313114687}.Debug|Any CPU.ActiveCfg = Debug|Any CPU
		{3BFE1835-FA42-43F9-9B85-32F313114687}.Debug|Any CPU.Build.0 = Debug|Any CPU
		{3BFE1835-FA42-43F9-9B85-32F313114687}.Release|Any CPU.ActiveCfg = Release|Any CPU
		{3BFE1835-FA42-43F9-9B85-32F313114687}.Release|Any CPU.Build.0 = Release|Any CPU
	EndGlobalSection
	GlobalSection(SolutionProperties) = preSolution
		HideSolutionNode = FALSE
	EndGlobalSection
	GlobalSection(ExtensibilityGlobals) = postSolution
		SolutionGuid = {CB29509D-1188-45F1-9C41-D8A161E8DE73}
	EndGlobalSection
EndGlobal
